
Microsoft Visual Studio Solution File, Format Version 12.00
# Visual Studio Version 16
VisualStudioVersion = 16.0.32510.428
MinimumVisualStudioVersion = 10.0.40219.1
Project("{FAE04EC0-301F-11D3-BF4B-00C04F79EFBC}") = "WebApplication1", "WebApplication1\WebApplication1.csproj", "{045C17B8-9BED-4613-A8F9-3809EF5C6BFF}"
EndProject
Global
	GlobalSection(SolutionConfigurationPlatforms) = preSolution
		Debug|Any CPU = Debug|Any CPU
		Release|Any CPU = Release|Any CPU
	EndGlobalSection
	GlobalSection(ProjectConfigurationPlatforms) = postSolution
		{045C17B8-9BED-4613-A8F9-3809EF5C6BFF}.Debug|Any CPU.ActiveCfg = Debug|Any CPU
		{045C17B8-9BED-4613-A8F9-3809EF5C6BFF}.Debug|Any CPU.Build.0 = Debug|Any CPU
		{045C17B8-9BED-4613-A8F9-3809EF5C6BFF}.Release|Any CPU.ActiveCfg = Release|Any CPU
		{045C17B8-9BED-4613-A8F9-3809EF5C6BFF}.Release|Any CPU.Build.0 = Release|Any CPU
	EndGlobalSection
	GlobalSection(SolutionProperties) = preSolution
		HideSolutionNode = FALSE
	EndGlobalSection
	GlobalSection(ExtensibilityGlobals) = postSolution
		SolutionGuid = {2AD834ED-B5B8-4DD7-A4EA-E95F5395A1F5}
	EndGlobalSection
EndGlobal
